// !$*UTF8*$!
{
	archiveVersion = 1;
	classes = {
	};
	objectVersion = 55;
	objects = {

/* Begin PBXBuildFile section */
		680B35902743D81F00BE630D /* AppDelegate.swift in Sources */ = {isa = PBXBuildFile; fileRef = 680B358F2743D81F00BE630D /* AppDelegate.swift */; };
		680B35922743D81F00BE630D /* SceneDelegate.swift in Sources */ = {isa = PBXBuildFile; fileRef = 680B35912743D81F00BE630D /* SceneDelegate.swift */; };
		680B35942743D81F00BE630D /* ViewController.swift in Sources */ = {isa = PBXBuildFile; fileRef = 680B35932743D81F00BE630D /* ViewController.swift */; };
		680B35972743D81F00BE630D /* Main.storyboard in Resources */ = {isa = PBXBuildFile; fileRef = 680B35952743D81F00BE630D /* Main.storyboard */; };
		680B35992743D82000BE630D /* Assets.xcassets in Resources */ = {isa = PBXBuildFile; fileRef = 680B35982743D82000BE630D /* Assets.xcassets */; };
		680B359C2743D82000BE630D /* LaunchScreen.storyboard in Resources */ = {isa = PBXBuildFile; fileRef = 680B359A2743D82000BE630D /* LaunchScreen.storyboard */; };
		6832BD9A274424B300682694 /* RecordatoriosViewController.swift in Sources */ = {isa = PBXBuildFile; fileRef = 6832BD99274424B300682694 /* RecordatoriosViewController.swift */; };
		6832BD9C2744256300682694 /* Recordatorio.swift in Sources */ = {isa = PBXBuildFile; fileRef = 6832BD9B2744256300682694 /* Recordatorio.swift */; };
		6832BD9E2744390300682694 /* CeldaRecordatorio.swift in Sources */ = {isa = PBXBuildFile; fileRef = 6832BD9D2744390300682694 /* CeldaRecordatorio.swift */; };
		683FCF6127441A3C009C59EE /* AgregarRecordatorioVC.swift in Sources */ = {isa = PBXBuildFile; fileRef = 683FCF6027441A3C009C59EE /* AgregarRecordatorioVC.swift */; };
		683FCF63274420C7009C59EE /* PerfilNavController.swift in Sources */ = {isa = PBXBuildFile; fileRef = 683FCF62274420C7009C59EE /* PerfilNavController.swift */; };
		687B688D2743F8FB0040332D /* logo_mr_cash.png in Resources */ = {isa = PBXBuildFile; fileRef = 687B688C2743F8FB0040332D /* logo_mr_cash.png */; };
		687B6895274411320040332D /* MainTabController.swift in Sources */ = {isa = PBXBuildFile; fileRef = 687B6894274411320040332D /* MainTabController.swift */; };
		687B6899274411F70040332D /* RecordatoriosNavContoller.swift in Sources */ = {isa = PBXBuildFile; fileRef = 687B6898274411F70040332D /* RecordatoriosNavContoller.swift */; };
		687B689D274416F00040332D /* PerfilViewController.swift in Sources */ = {isa = PBXBuildFile; fileRef = 687B689C274416F00040332D /* PerfilViewController.swift */; };
/* End PBXBuildFile section */

/* Begin PBXFileReference section */
		680B358C2743D81F00BE630D /* Mr-Cash.app */ = {isa = PBXFileReference; explicitFileType = wrapper.application; includeInIndex = 0; path = "Mr-Cash.app"; sourceTree = BUILT_PRODUCTS_DIR; };
		680B358F2743D81F00BE630D /* AppDelegate.swift */ = {isa = PBXFileReference; lastKnownFileType = sourcecode.swift; path = AppDelegate.swift; sourceTree = "<group>"; };
		680B35912743D81F00BE630D /* SceneDelegate.swift */ = {isa = PBXFileReference; lastKnownFileType = sourcecode.swift; path = SceneDelegate.swift; sourceTree = "<group>"; };
		680B35932743D81F00BE630D /* ViewController.swift */ = {isa = PBXFileReference; lastKnownFileType = sourcecode.swift; path = ViewController.swift; sourceTree = "<group>"; };
		680B35962743D81F00BE630D /* Base */ = {isa = PBXFileReference; lastKnownFileType = file.storyboard; name = Base; path = Base.lproj/Main.storyboard; sourceTree = "<group>"; };
		680B35982743D82000BE630D /* Assets.xcassets */ = {isa = PBXFileReference; lastKnownFileType = folder.assetcatalog; path = Assets.xcassets; sourceTree = "<group>"; };
		680B359B2743D82000BE630D /* Base */ = {isa = PBXFileReference; lastKnownFileType = file.storyboard; name = Base; path = Base.lproj/LaunchScreen.storyboard; sourceTree = "<group>"; };
		680B359D2743D82000BE630D /* Info.plist */ = {isa = PBXFileReference; lastKnownFileType = text.plist.xml; path = Info.plist; sourceTree = "<group>"; };
		6832BD99274424B300682694 /* RecordatoriosViewController.swift */ = {isa = PBXFileReference; lastKnownFileType = sourcecode.swift; path = RecordatoriosViewController.swift; sourceTree = "<group>"; };
		6832BD9B2744256300682694 /* Recordatorio.swift */ = {isa = PBXFileReference; lastKnownFileType = sourcecode.swift; path = Recordatorio.swift; sourceTree = "<group>"; };
		6832BD9D2744390300682694 /* CeldaRecordatorio.swift */ = {isa = PBXFileReference; lastKnownFileType = sourcecode.swift; path = CeldaRecordatorio.swift; sourceTree = "<group>"; };
		683FCF6027441A3C009C59EE /* AgregarRecordatorioVC.swift */ = {isa = PBXFileReference; lastKnownFileType = sourcecode.swift; path = AgregarRecordatorioVC.swift; sourceTree = "<group>"; };
		683FCF62274420C7009C59EE /* PerfilNavController.swift */ = {isa = PBXFileReference; lastKnownFileType = sourcecode.swift; path = PerfilNavController.swift; sourceTree = "<group>"; };
		687B688C2743F8FB0040332D /* logo_mr_cash.png */ = {isa = PBXFileReference; lastKnownFileType = image.png; path = logo_mr_cash.png; sourceTree = "<group>"; };
		687B6894274411320040332D /* MainTabController.swift */ = {isa = PBXFileReference; lastKnownFileType = sourcecode.swift; path = MainTabController.swift; sourceTree = "<group>"; };
		687B6898274411F70040332D /* RecordatoriosNavContoller.swift */ = {isa = PBXFileReference; lastKnownFileType = sourcecode.swift; path = RecordatoriosNavContoller.swift; sourceTree = "<group>"; };
		687B689C274416F00040332D /* PerfilViewController.swift */ = {isa = PBXFileReference; lastKnownFileType = sourcecode.swift; path = PerfilViewController.swift; sourceTree = "<group>"; };
/* End PBXFileReference section */

/* Begin PBXFrameworksBuildPhase section */
		680B35892743D81F00BE630D /* Frameworks */ = {
			isa = PBXFrameworksBuildPhase;
			buildActionMask = 2147483647;
			files = (
			);
			runOnlyForDeploymentPostprocessing = 0;
		};
/* End PBXFrameworksBuildPhase section */

/* Begin PBXGroup section */
		680B35832743D81F00BE630D = {
			isa = PBXGroup;
			children = (
				680B358E2743D81F00BE630D /* Mr-Cash */,
				680B358D2743D81F00BE630D /* Products */,
			);
			sourceTree = "<group>";
		};
		680B358D2743D81F00BE630D /* Products */ = {
			isa = PBXGroup;
			children = (
				680B358C2743D81F00BE630D /* Mr-Cash.app */,
			);
			name = Products;
			sourceTree = "<group>";
		};
		680B358E2743D81F00BE630D /* Mr-Cash */ = {
			isa = PBXGroup;
			children = (
				687B688C2743F8FB0040332D /* logo_mr_cash.png */,
				680B358F2743D81F00BE630D /* AppDelegate.swift */,
				680B35912743D81F00BE630D /* SceneDelegate.swift */,
				680B35932743D81F00BE630D /* ViewController.swift */,
				680B35952743D81F00BE630D /* Main.storyboard */,
				680B35982743D82000BE630D /* Assets.xcassets */,
				680B359A2743D82000BE630D /* LaunchScreen.storyboard */,
				680B359D2743D82000BE630D /* Info.plist */,
				687B6894274411320040332D /* MainTabController.swift */,
				687B6898274411F70040332D /* RecordatoriosNavContoller.swift */,
				687B689C274416F00040332D /* PerfilViewController.swift */,
				683FCF6027441A3C009C59EE /* AgregarRecordatorioVC.swift */,
				683FCF62274420C7009C59EE /* PerfilNavController.swift */,
				6832BD99274424B300682694 /* RecordatoriosViewController.swift */,
				6832BD9B2744256300682694 /* Recordatorio.swift */,
				6832BD9D2744390300682694 /* CeldaRecordatorio.swift */,
			);
			path = "Mr-Cash";
			sourceTree = "<group>";
		};
/* End PBXGroup section */

/* Begin PBXNativeTarget section */
		680B358B2743D81F00BE630D /* Mr-Cash */ = {
			isa = PBXNativeTarget;
			buildConfigurationList = 680B35A02743D82000BE630D /* Build configuration list for PBXNativeTarget "Mr-Cash" */;
			buildPhases = (
				680B35882743D81F00BE630D /* Sources */,
				680B35892743D81F00BE630D /* Frameworks */,
				680B358A2743D81F00BE630D /* Resources */,
			);
			buildRules = (
			);
			dependencies = (
			);
			name = "Mr-Cash";
			productName = "Mr-Cash";
			productReference = 680B358C2743D81F00BE630D /* Mr-Cash.app */;
			productType = "com.apple.product-type.application";
		};
/* End PBXNativeTarget section */

/* Begin PBXProject section */
		680B35842743D81F00BE630D /* Project object */ = {
			isa = PBXProject;
			attributes = {
				BuildIndependentTargetsInParallel = 1;
				LastSwiftUpdateCheck = 1310;
				LastUpgradeCheck = 1310;
				TargetAttributes = {
					680B358B2743D81F00BE630D = {
						CreatedOnToolsVersion = 13.1;
					};
				};
			};
			buildConfigurationList = 680B35872743D81F00BE630D /* Build configuration list for PBXProject "Mr-Cash" */;
			compatibilityVersion = "Xcode 13.0";
			developmentRegion = en;
			hasScannedForEncodings = 0;
			knownRegions = (
				en,
				Base,
			);
			mainGroup = 680B35832743D81F00BE630D;
			productRefGroup = 680B358D2743D81F00BE630D /* Products */;
			projectDirPath = "";
			projectRoot = "";
			targets = (
				680B358B2743D81F00BE630D /* Mr-Cash */,
			);
		};
/* End PBXProject section */

/* Begin PBXResourcesBuildPhase section */
		680B358A2743D81F00BE630D /* Resources */ = {
			isa = PBXResourcesBuildPhase;
			buildActionMask = 2147483647;
			files = (
				687B688D2743F8FB0040332D /* logo_mr_cash.png in Resources */,
				680B359C2743D82000BE630D /* LaunchScreen.storyboard in Resources */,
				680B35992743D82000BE630D /* Assets.xcassets in Resources */,
				680B35972743D81F00BE630D /* Main.storyboard in Resources */,
			);
			runOnlyForDeploymentPostprocessing = 0;
		};
/* End PBXResourcesBuildPhase section */

/* Begin PBXSourcesBuildPhase section */
		680B35882743D81F00BE630D /* Sources */ = {
			isa = PBXSourcesBuildPhase;
			buildActionMask = 2147483647;
			files = (
				687B689D274416F00040332D /* PerfilViewController.swift in Sources */,
				680B35942743D81F00BE630D /* ViewController.swift in Sources */,
				687B6899274411F70040332D /* RecordatoriosNavContoller.swift in Sources */,
				687B6895274411320040332D /* MainTabController.swift in Sources */,
				680B35902743D81F00BE630D /* AppDelegate.swift in Sources */,
				683FCF6127441A3C009C59EE /* AgregarRecordatorioVC.swift in Sources */,
				6832BD9C2744256300682694 /* Recordatorio.swift in Sources */,
				6832BD9A274424B300682694 /* RecordatoriosViewController.swift in Sources */,
				6832BD9E2744390300682694 /* CeldaRecordatorio.swift in Sources */,
				680B35922743D81F00BE630D /* SceneDelegate.swift in Sources */,
				683FCF63274420C7009C59EE /* PerfilNavController.swift in Sources */,
			);
			runOnlyForDeploymentPostprocessing = 0;
		};
/* End PBXSourcesBuildPhase section */

/* Begin PBXVariantGroup section */
		680B35952743D81F00BE630D /* Main.storyboard */ = {
			isa = PBXVariantGroup;
			children = (
				680B35962743D81F00BE630D /* Base */,
			);
			name = Main.storyboard;
			sourceTree = "<group>";
		};
		680B359A2743D82000BE630D /* LaunchScreen.storyboard */ = {
			isa = PBXVariantGroup;
			children = (
				680B359B2743D82000BE630D /* Base */,
			);
			name = LaunchScreen.storyboard;
			sourceTree = "<group>";
		};
/* End PBXVariantGroup section */

/* Begin XCBuildConfiguration section */
		680B359E2743D82000BE630D /* Debug */ = {
			isa = XCBuildConfiguration;
			buildSettings = {
				ALWAYS_SEARCH_USER_PATHS = NO;
				CLANG_ANALYZER_NONNULL = YES;
				CLANG_ANALYZER_NUMBER_OBJECT_CONVERSION = YES_AGGRESSIVE;
				CLANG_CXX_LANGUAGE_STANDARD = "gnu++17";
				CLANG_CXX_LIBRARY = "libc++";
				CLANG_ENABLE_MODULES = YES;
				CLANG_ENABLE_OBJC_ARC = YES;
				CLANG_ENABLE_OBJC_WEAK = YES;
				CLANG_WARN_BLOCK_CAPTURE_AUTORELEASING = YES;
				CLANG_WARN_BOOL_CONVERSION = YES;
				CLANG_WARN_COMMA = YES;
				CLANG_WARN_CONSTANT_CONVERSION = YES;
				CLANG_WARN_DEPRECATED_OBJC_IMPLEMENTATIONS = YES;
				CLANG_WARN_DIRECT_OBJC_ISA_USAGE = YES_ERROR;
				CLANG_WARN_DOCUMENTATION_COMMENTS = YES;
				CLANG_WARN_EMPTY_BODY = YES;
				CLANG_WARN_ENUM_CONVERSION = YES;
				CLANG_WARN_INFINITE_RECURSION = YES;
				CLANG_WARN_INT_CONVERSION = YES;
				CLANG_WARN_NON_LITERAL_NULL_CONVERSION = YES;
				CLANG_WARN_OBJC_IMPLICIT_RETAIN_SELF = YES;
				CLANG_WARN_OBJC_LITERAL_CONVERSION = YES;
				CLANG_WARN_OBJC_ROOT_CLASS = YES_ERROR;
				CLANG_WARN_QUOTED_INCLUDE_IN_FRAMEWORK_HEADER = YES;
				CLANG_WARN_RANGE_LOOP_ANALYSIS = YES;
				CLANG_WARN_STRICT_PROTOTYPES = YES;
				CLANG_WARN_SUSPICIOUS_MOVE = YES;
				CLANG_WARN_UNGUARDED_AVAILABILITY = YES_AGGRESSIVE;
				CLANG_WARN_UNREACHABLE_CODE = YES;
				CLANG_WARN__DUPLICATE_METHOD_MATCH = YES;
				COPY_PHASE_STRIP = NO;
				DEBUG_INFORMATION_FORMAT = dwarf;
				ENABLE_STRICT_OBJC_MSGSEND = YES;
				ENABLE_TESTABILITY = YES;
				GCC_C_LANGUAGE_STANDARD = gnu11;
				GCC_DYNAMIC_NO_PIC = NO;
				GCC_NO_COMMON_BLOCKS = YES;
				GCC_OPTIMIZATION_LEVEL = 0;
				GCC_PREPROCESSOR_DEFINITIONS = (
					"DEBUG=1",
					"$(inherited)",
				);
				GCC_WARN_64_TO_32_BIT_CONVERSION = YES;
				GCC_WARN_ABOUT_RETURN_TYPE = YES_ERROR;
				GCC_WARN_UNDECLARED_SELECTOR = YES;
				GCC_WARN_UNINITIALIZED_AUTOS = YES_AGGRESSIVE;
				GCC_WARN_UNUSED_FUNCTION = YES;
				GCC_WARN_UNUSED_VARIABLE = YES;
				IPHONEOS_DEPLOYMENT_TARGET = 15.0;
				MTL_ENABLE_DEBUG_INFO = INCLUDE_SOURCE;
				MTL_FAST_MATH = YES;
				ONLY_ACTIVE_ARCH = YES;
				SDKROOT = iphoneos;
				SWIFT_ACTIVE_COMPILATION_CONDITIONS = DEBUG;
				SWIFT_OPTIMIZATION_LEVEL = "-Onone";
			};
			name = Debug;
		};
		680B359F2743D82000BE630D /* Release */ = {
			isa = XCBuildConfiguration;
			buildSettings = {
				ALWAYS_SEARCH_USER_PATHS = NO;
				CLANG_ANALYZER_NONNULL = YES;
				CLANG_ANALYZER_NUMBER_OBJECT_CONVERSION = YES_AGGRESSIVE;
				CLANG_CXX_LANGUAGE_STANDARD = "gnu++17";
				CLANG_CXX_LIBRARY = "libc++";
				CLANG_ENABLE_MODULES = YES;
				CLANG_ENABLE_OBJC_ARC = YES;
				CLANG_ENABLE_OBJC_WEAK = YES;
				CLANG_WARN_BLOCK_CAPTURE_AUTORELEASING = YES;
				CLANG_WARN_BOOL_CONVERSION = YES;
				CLANG_WARN_COMMA = YES;
				CLANG_WARN_CONSTANT_CONVERSION = YES;
				CLANG_WARN_DEPRECATED_OBJC_IMPLEMENTATIONS = YES;
				CLANG_WARN_DIRECT_OBJC_ISA_USAGE = YES_ERROR;
				CLANG_WARN_DOCUMENTATION_COMMENTS = YES;
				CLANG_WARN_EMPTY_BODY = YES;
				CLANG_WARN_ENUM_CONVERSION = YES;
				CLANG_WARN_INFINITE_RECURSION = YES;
				CLANG_WARN_INT_CONVERSION = YES;
				CLANG_WARN_NON_LITERAL_NULL_CONVERSION = YES;
				CLANG_WARN_OBJC_IMPLICIT_RETAIN_SELF = YES;
				CLANG_WARN_OBJC_LITERAL_CONVERSION = YES;
				CLANG_WARN_OBJC_ROOT_CLASS = YES_ERROR;
				CLANG_WARN_QUOTED_INCLUDE_IN_FRAMEWORK_HEADER = YES;
				CLANG_WARN_RANGE_LOOP_ANALYSIS = YES;
				CLANG_WARN_STRICT_PROTOTYPES = YES;
				CLANG_WARN_SUSPICIOUS_MOVE = YES;
				CLANG_WARN_UNGUARDED_AVAILABILITY = YES_AGGRESSIVE;
				CLANG_WARN_UNREACHABLE_CODE = YES;
				CLANG_WARN__DUPLICATE_METHOD_MATCH = YES;
				COPY_PHASE_STRIP = NO;
				DEBUG_INFORMATION_FORMAT = "dwarf-with-dsym";
				ENABLE_NS_ASSERTIONS = NO;
				ENABLE_STRICT_OBJC_MSGSEND = YES;
				GCC_C_LANGUAGE_STANDARD = gnu11;
				GCC_NO_COMMON_BLOCKS = YES;
				GCC_WARN_64_TO_32_BIT_CONVERSION = YES;
				GCC_WARN_ABOUT_RETURN_TYPE = YES_ERROR;
				GCC_WARN_UNDECLARED_SELECTOR = YES;
				GCC_WARN_UNINITIALIZED_AUTOS = YES_AGGRESSIVE;
				GCC_WARN_UNUSED_FUNCTION = YES;
				GCC_WARN_UNUSED_VARIABLE = YES;
				IPHONEOS_DEPLOYMENT_TARGET = 15.0;
				MTL_ENABLE_DEBUG_INFO = NO;
				MTL_FAST_MATH = YES;
				SDKROOT = iphoneos;
				SWIFT_COMPILATION_MODE = wholemodule;
				SWIFT_OPTIMIZATION_LEVEL = "-O";
				VALIDATE_PRODUCT = YES;
			};
			name = Release;
		};
		680B35A12743D82000BE630D /* Debug */ = {
			isa = XCBuildConfiguration;
			buildSettings = {
				ASSETCATALOG_COMPILER_APPICON_NAME = AppIcon;
				ASSETCATALOG_COMPILER_GLOBAL_ACCENT_COLOR_NAME = AccentColor;
				CODE_SIGN_STYLE = Automatic;
				CURRENT_PROJECT_VERSION = 1;
				GENERATE_INFOPLIST_FILE = YES;
				INFOPLIST_FILE = "Mr-Cash/Info.plist";
				INFOPLIST_KEY_UIApplicationSupportsIndirectInputEvents = YES;
				INFOPLIST_KEY_UILaunchStoryboardName = LaunchScreen;
				INFOPLIST_KEY_UIMainStoryboardFile = Main;
				INFOPLIST_KEY_UISupportedInterfaceOrientations_iPad = "UIInterfaceOrientationPortrait UIInterfaceOrientationPortraitUpsideDown UIInterfaceOrientationLandscapeLeft UIInterfaceOrientationLandscapeRight";
				INFOPLIST_KEY_UISupportedInterfaceOrientations_iPhone = "UIInterfaceOrientationPortrait UIInterfaceOrientationLandscapeLeft UIInterfaceOrientationLandscapeRight";
				LD_RUNPATH_SEARCH_PATHS = (
					"$(inherited)",
					"@executable_path/Frameworks",
				);
				MARKETING_VERSION = 1.0;
				PRODUCT_BUNDLE_IDENTIFIER = "mx.cerco.Mr-Cash";
				PRODUCT_NAME = "$(TARGET_NAME)";
				SWIFT_EMIT_LOC_STRINGS = YES;
				SWIFT_VERSION = 5.0;
				TARGETED_DEVICE_FAMILY = "1,2";
			};
			name = Debug;
		};
		680B35A22743D82000BE630D /* Release */ = {
			isa = XCBuildConfiguration;
			buildSettings = {
				ASSETCATALOG_COMPILER_APPICON_NAME = AppIcon;
				ASSETCATALOG_COMPILER_GLOBAL_ACCENT_COLOR_NAME = AccentColor;
				CODE_SIGN_STYLE = Automatic;
				CURRENT_PROJECT_VERSION = 1;
				GENERATE_INFOPLIST_FILE = YES;
				INFOPLIST_FILE = "Mr-Cash/Info.plist";
				INFOPLIST_KEY_UIApplicationSupportsIndirectInputEvents = YES;
				INFOPLIST_KEY_UILaunchStoryboardName = LaunchScreen;
				INFOPLIST_KEY_UIMainStoryboardFile = Main;
				INFOPLIST_KEY_UISupportedInterfaceOrientations_iPad = "UIInterfaceOrientationPortrait UIInterfaceOrientationPortraitUpsideDown UIInterfaceOrientationLandscapeLeft UIInterfaceOrientationLandscapeRight";
				INFOPLIST_KEY_UISupportedInterfaceOrientations_iPhone = "UIInterfaceOrientationPortrait UIInterfaceOrientationLandscapeLeft UIInterfaceOrientationLandscapeRight";
				LD_RUNPATH_SEARCH_PATHS = (
					"$(inherited)",
					"@executable_path/Frameworks",
				);
				MARKETING_VERSION = 1.0;
				PRODUCT_BUNDLE_IDENTIFIER = "mx.cerco.Mr-Cash";
				PRODUCT_NAME = "$(TARGET_NAME)";
				SWIFT_EMIT_LOC_STRINGS = YES;
				SWIFT_VERSION = 5.0;
				TARGETED_DEVICE_FAMILY = "1,2";
			};
			name = Release;
		};
/* End XCBuildConfiguration section */

/* Begin XCConfigurationList section */
		680B35872743D81F00BE630D /* Build configuration list for PBXProject "Mr-Cash" */ = {
			isa = XCConfigurationList;
			buildConfigurations = (
				680B359E2743D82000BE630D /* Debug */,
				680B359F2743D82000BE630D /* Release */,
			);
			defaultConfigurationIsVisible = 0;
			defaultConfigurationName = Release;
		};
		680B35A02743D82000BE630D /* Build configuration list for PBXNativeTarget "Mr-Cash" */ = {
			isa = XCConfigurationList;
			buildConfigurations = (
				680B35A12743D82000BE630D /* Debug */,
				680B35A22743D82000BE630D /* Release */,
			);
			defaultConfigurationIsVisible = 0;
			defaultConfigurationName = Release;
		};
/* End XCConfigurationList section */
	};
	rootObject = 680B35842743D81F00BE630D /* Project object */;
}
